// !$*UTF8*$!
{
	archiveVersion = 1;
	classes = {
	};
	objectVersion = 56;
	objects = {

/* Begin PBXBuildFile section */
		AAAA000000000000001FCAFE /* PickleballTrainingGenieApp.swift in Sources */ = {isa = PBXBuildFile; fileRef = AAAA0000000000000013CAFE /* PickleballTrainingGenieApp.swift */; };
		AAAA0000000000000020CAFE /* ContentView.swift in Sources */ = {isa = PBXBuildFile; fileRef = AAAA0000000000000014CAFE /* ContentView.swift */; };
		AAAA0000000000000021CAFE /* Assets.xcassets in Resources */ = {isa = PBXBuildFile; fileRef = AAAA0000000000000015CAFE /* Assets.xcassets */; };
		AAAA0000000000000022CAFE /* LoginView.swift in Sources */ = {isa = PBXBuildFile; fileRef = AAAA0000000000000016CAFE /* LoginView.swift */; };
		AAAA0000000000000023CAFE /* RegisterView.swift in Sources */ = {isa = PBXBuildFile; fileRef = AAAA0000000000000017CAFE /* RegisterView.swift */; };
		AAAA0000000000000024CAFE /* DrillsListView.swift in Sources */ = {isa = PBXBuildFile; fileRef = AAAA0000000000000018CAFE /* DrillsListView.swift */; };
		AAAA0000000000000025CAFE /* DrillDetailView.swift in Sources */ = {isa = PBXBuildFile; fileRef = AAAA0000000000000019CAFE /* DrillDetailView.swift */; };
		AAAA0000000000000026CAFE /* RecommendationsView.swift in Sources */ = {isa = PBXBuildFile; fileRef = AAAA000000000000001ACAFE /* RecommendationsView.swift */; };
		AAAA0000000000000027CAFE /* ProfileView.swift in Sources */ = {isa = PBXBuildFile; fileRef = AAAA000000000000001BCAFE /* ProfileView.swift */; };
		AAAA0000000000000028CAFE /* AuthViewModel.swift in Sources */ = {isa = PBXBuildFile; fileRef = AAAA000000000000001CCAFE /* AuthViewModel.swift */; };
		AAAA0000000000000029CAFE /* DrillsViewModel.swift in Sources */ = {isa = PBXBuildFile; fileRef = AAAA000000000000001DCAFE /* DrillsViewModel.swift */; };
		AAAA000000000000002ACAFE /* AppTheme.swift in Sources */ = {isa = PBXBuildFile; fileRef = AAAA000000000000001ECAFE /* AppTheme.swift */; };
		AAAA000000000000002BCAFE /* PickleballTrainingGenieClient.swift in Sources */ = {isa = PBXBuildFile; fileRef = AAAA000000000000002ECAFE /* PickleballTrainingGenieClient.swift */; };
		AAAA0000000000000031CAFE /* KeychainHelper.swift in Sources */ = {isa = PBXBuildFile; fileRef = AAAA0000000000000032CAFE /* KeychainHelper.swift */; };
		AAAA0000000000000034CAFE /* WorkoutView.swift in Sources */ = {isa = PBXBuildFile; fileRef = AAAA0000000000000030CAFE /* WorkoutView.swift */; };
		AAAA0000000000000036CAFE /* SplashVideoView.swift in Sources */ = {isa = PBXBuildFile; fileRef = AAAA0000000000000035CAFE /* SplashVideoView.swift */; };
		AAAA0000000000000038CAFE /* intro_video.mp4 in Resources */ = {isa = PBXBuildFile; fileRef = AAAA0000000000000037CAFE /* intro_video.mp4 */; };
/* End PBXBuildFile section */

/* Begin PBXFileReference section */
		AAAA0000000000000012CAFE /* PickleballTrainingGenie.app */ = {isa = PBXFileReference; explicitFileType = wrapper.application; includeInIndex = 0; path = PickleballTrainingGenie.app; sourceTree = BUILT_PRODUCTS_DIR; };
		AAAA0000000000000013CAFE /* PickleballTrainingGenieApp.swift */ = {isa = PBXFileReference; lastKnownFileType = sourcecode.swift; path = PickleballTrainingGenieApp.swift; sourceTree = "<group>"; };
		AAAA0000000000000014CAFE /* ContentView.swift */ = {isa = PBXFileReference; lastKnownFileType = sourcecode.swift; path = ContentView.swift; sourceTree = "<group>"; };
		AAAA0000000000000015CAFE /* Assets.xcassets */ = {isa = PBXFileReference; lastKnownFileType = folder.assetcatalog; path = Assets.xcassets; sourceTree = "<group>"; };
		AAAA0000000000000016CAFE /* LoginView.swift */ = {isa = PBXFileReference; lastKnownFileType = sourcecode.swift; path = LoginView.swift; sourceTree = "<group>"; };
		AAAA0000000000000017CAFE /* RegisterView.swift */ = {isa = PBXFileReference; lastKnownFileType = sourcecode.swift; path = RegisterView.swift; sourceTree = "<group>"; };
		AAAA0000000000000018CAFE /* DrillsListView.swift */ = {isa = PBXFileReference; lastKnownFileType = sourcecode.swift; path = DrillsListView.swift; sourceTree = "<group>"; };
		AAAA0000000000000019CAFE /* DrillDetailView.swift */ = {isa = PBXFileReference; lastKnownFileType = sourcecode.swift; path = DrillDetailView.swift; sourceTree = "<group>"; };
		AAAA000000000000001ACAFE /* RecommendationsView.swift */ = {isa = PBXFileReference; lastKnownFileType = sourcecode.swift; path = RecommendationsView.swift; sourceTree = "<group>"; };
		AAAA000000000000001BCAFE /* ProfileView.swift */ = {isa = PBXFileReference; lastKnownFileType = sourcecode.swift; path = ProfileView.swift; sourceTree = "<group>"; };
		AAAA000000000000001CCAFE /* AuthViewModel.swift */ = {isa = PBXFileReference; lastKnownFileType = sourcecode.swift; path = AuthViewModel.swift; sourceTree = "<group>"; };
		AAAA000000000000001DCAFE /* DrillsViewModel.swift */ = {isa = PBXFileReference; lastKnownFileType = sourcecode.swift; path = DrillsViewModel.swift; sourceTree = "<group>"; };
		AAAA000000000000001ECAFE /* AppTheme.swift */ = {isa = PBXFileReference; lastKnownFileType = sourcecode.swift; path = AppTheme.swift; sourceTree = "<group>"; };
		AAAA000000000000002ECAFE /* PickleballTrainingGenieClient.swift */ = {isa = PBXFileReference; lastKnownFileType = sourcecode.swift; path = PickleballTrainingGenieClient.swift; sourceTree = "<group>"; };
		AAAA0000000000000030CAFE /* WorkoutView.swift */ = {isa = PBXFileReference; lastKnownFileType = sourcecode.swift; path = WorkoutView.swift; sourceTree = "<group>"; };
		AAAA0000000000000032CAFE /* KeychainHelper.swift */ = {isa = PBXFileReference; lastKnownFileType = sourcecode.swift; path = KeychainHelper.swift; sourceTree = "<group>"; };
		AAAA0000000000000035CAFE /* SplashVideoView.swift */ = {isa = PBXFileReference; lastKnownFileType = sourcecode.swift; path = SplashVideoView.swift; sourceTree = "<group>"; };
		AAAA0000000000000037CAFE /* intro_video.mp4 */ = {isa = PBXFileReference; lastKnownFileType = file; path = intro_video.mp4; sourceTree = "<group>"; };
/* End PBXFileReference section */

/* Begin PBXFrameworksBuildPhase section */
		AAAA000000000000000BCAFE /* Frameworks */ = {
			isa = PBXFrameworksBuildPhase;
			buildActionMask = 2147483647;
			files = (
			);
			runOnlyForDeploymentPostprocessing = 0;
		};
/* End PBXFrameworksBuildPhase section */

/* Begin PBXGroup section */
		AAAA000000000000000CCAFE = {
			isa = PBXGroup;
			children = (
				AAAA000000000000000ECAFE /* PickleballTrainingGenie */,
				AAAA000000000000000DCAFE /* Products */,
			);
			sourceTree = "<group>";
		};
		AAAA000000000000000DCAFE /* Products */ = {
			isa = PBXGroup;
			children = (
				AAAA0000000000000012CAFE /* PickleballTrainingGenie.app */,
			);
			name = Products;
			sourceTree = "<group>";
		};
		AAAA000000000000000ECAFE /* PickleballTrainingGenie */ = {
			isa = PBXGroup;
			children = (
				AAAA0000000000000013CAFE /* PickleballTrainingGenieApp.swift */,
				AAAA0000000000000014CAFE /* ContentView.swift */,
				AAAA000000000000002DCAFE /* API */,
				AAAA000000000000000FCAFE /* Views */,
				AAAA0000000000000010CAFE /* ViewModels */,
				AAAA0000000000000011CAFE /* Theme */,
				AAAA0000000000000033CAFE /* Utilities */,
				AAAA0000000000000015CAFE /* Assets.xcassets */,
				AAAA0000000000000037CAFE /* intro_video.mp4 */,
			);
			path = PickleballTrainingGenie;
			sourceTree = "<group>";
		};
		AAAA000000000000000FCAFE /* Views */ = {
			isa = PBXGroup;
			children = (
				AAAA0000000000000016CAFE /* LoginView.swift */,
				AAAA0000000000000017CAFE /* RegisterView.swift */,
				AAAA0000000000000018CAFE /* DrillsListView.swift */,
				AAAA0000000000000019CAFE /* DrillDetailView.swift */,
				AAAA000000000000001ACAFE /* RecommendationsView.swift */,
				AAAA0000000000000030CAFE /* WorkoutView.swift */,
				AAAA000000000000001BCAFE /* ProfileView.swift */,
				AAAA0000000000000035CAFE /* SplashVideoView.swift */,
			);
			path = Views;
			sourceTree = "<group>";
		};
		AAAA0000000000000010CAFE /* ViewModels */ = {
			isa = PBXGroup;
			children = (
				AAAA000000000000001CCAFE /* AuthViewModel.swift */,
				AAAA000000000000001DCAFE /* DrillsViewModel.swift */,
			);
			path = ViewModels;
			sourceTree = "<group>";
		};
		AAAA0000000000000011CAFE /* Theme */ = {
			isa = PBXGroup;
			children = (
				AAAA000000000000001ECAFE /* AppTheme.swift */,
			);
			path = Theme;
			sourceTree = "<group>";
		};
		AAAA000000000000002DCAFE /* API */ = {
			isa = PBXGroup;
			children = (
				AAAA000000000000002ECAFE /* PickleballTrainingGenieClient.swift */,
			);
			path = API;
			sourceTree = "<group>";
		};
		AAAA0000000000000033CAFE /* Utilities */ = {
			isa = PBXGroup;
			children = (
				AAAA0000000000000032CAFE /* KeychainHelper.swift */,
			);
			path = Utilities;
			sourceTree = "<group>";
		};
/* End PBXGroup section */

/* Begin PBXNativeTarget section */
		AAAA0000000000000002CAFE /* PickleballTrainingGenie */ = {
			isa = PBXNativeTarget;
			buildConfigurationList = AAAA0000000000000007CAFE /* Build configuration list for PBXNativeTarget "PickleballTrainingGenie" */;
			buildPhases = (
				AAAA0000000000000009CAFE /* Sources */,
				AAAA000000000000000BCAFE /* Frameworks */,
				AAAA000000000000000ACAFE /* Resources */,
			);
			buildRules = (
			);
			dependencies = (
			);
			name = PickleballTrainingGenie;
			productName = PickleballTrainingGenie;
			productReference = AAAA0000000000000012CAFE /* PickleballTrainingGenie.app */;
			productType = "com.apple.product-type.application";
		};
/* End PBXNativeTarget section */

/* Begin PBXProject section */
		AAAA0000000000000001CAFE /* Project object */ = {
			isa = PBXProject;
			attributes = {
				BuildIndependentTargetsInParallel = 1;
				LastSwiftUpdateCheck = 1500;
				LastUpgradeCheck = 1500;
				TargetAttributes = {
					AAAA0000000000000002CAFE = {
						CreatedOnToolsVersion = 15.0;
					};
				};
			};
			buildConfigurationList = AAAA0000000000000008CAFE /* Build configuration list for PBXProject "PickleballTrainingGenie" */;
			compatibilityVersion = "Xcode 14.0";
			developmentRegion = en;
			hasScannedForEncodings = 0;
			knownRegions = (
				en,
				Base,
			);
			mainGroup = AAAA000000000000000CCAFE;
			productRefGroup = AAAA000000000000000DCAFE /* Products */;
			projectDirPath = "";
			projectRoot = "";
			targets = (
				AAAA0000000000000002CAFE /* PickleballTrainingGenie */,
			);
		};
/* End PBXProject section */

/* Begin PBXResourcesBuildPhase section */
		AAAA000000000000000ACAFE /* Resources */ = {
			isa = PBXResourcesBuildPhase;
			buildActionMask = 2147483647;
			files = (
				AAAA0000000000000021CAFE /* Assets.xcassets in Resources */,
				AAAA0000000000000038CAFE /* intro_video.mp4 in Resources */,
			);
			runOnlyForDeploymentPostprocessing = 0;
		};
/* End PBXResourcesBuildPhase section */

/* Begin PBXSourcesBuildPhase section */
		AAAA0000000000000009CAFE /* Sources */ = {
			isa = PBXSourcesBuildPhase;
			buildActionMask = 2147483647;
			files = (
				AAAA000000000000001FCAFE /* PickleballTrainingGenieApp.swift in Sources */,
				AAAA0000000000000020CAFE /* ContentView.swift in Sources */,
				AAAA000000000000002BCAFE /* PickleballTrainingGenieClient.swift in Sources */,
				AAAA0000000000000022CAFE /* LoginView.swift in Sources */,
				AAAA0000000000000023CAFE /* RegisterView.swift in Sources */,
				AAAA0000000000000024CAFE /* DrillsListView.swift in Sources */,
				AAAA0000000000000025CAFE /* DrillDetailView.swift in Sources */,
				AAAA0000000000000026CAFE /* RecommendationsView.swift in Sources */,
				AAAA0000000000000034CAFE /* WorkoutView.swift in Sources */,
				AAAA0000000000000027CAFE /* ProfileView.swift in Sources */,
				AAAA0000000000000028CAFE /* AuthViewModel.swift in Sources */,
				AAAA0000000000000029CAFE /* DrillsViewModel.swift in Sources */,
				AAAA000000000000002ACAFE /* AppTheme.swift in Sources */,
				AAAA0000000000000031CAFE /* KeychainHelper.swift in Sources */,
				AAAA0000000000000036CAFE /* SplashVideoView.swift in Sources */,
			);
			runOnlyForDeploymentPostprocessing = 0;
		};
/* End PBXSourcesBuildPhase section */

/* Begin XCBuildConfiguration section */
		AAAA0000000000000003CAFE /* Debug */ = {
			isa = XCBuildConfiguration;
			buildSettings = {
				ASSETCATALOG_COMPILER_APPICON_NAME = AppIcon;
				ASSETCATALOG_COMPILER_GLOBAL_ACCENT_COLOR_NAME = AccentColor;
				CODE_SIGN_STYLE = Automatic;
				CURRENT_PROJECT_VERSION = 1;
				DEVELOPMENT_TEAM = Z4U4RL7THN;
				ENABLE_PREVIEWS = YES;
				GENERATE_INFOPLIST_FILE = YES;
				INFOPLIST_KEY_UIApplicationSceneManifest_Generation = YES;
				INFOPLIST_KEY_UIApplicationSupportsIndirectInputEvents = YES;
				INFOPLIST_KEY_UILaunchScreen_Generation = YES;
				INFOPLIST_KEY_UISupportedInterfaceOrientations_iPad = "UIInterfaceOrientationLandscapeLeft UIInterfaceOrientationLandscapeRight UIInterfaceOrientationPortrait UIInterfaceOrientationPortraitUpsideDown";
				INFOPLIST_KEY_UISupportedInterfaceOrientations_iPhone = "UIInterfaceOrientationLandscapeLeft UIInterfaceOrientationLandscapeRight UIInterfaceOrientationPortrait";
				IPHONEOS_DEPLOYMENT_TARGET = 17.0;
				LD_RUNPATH_SEARCH_PATHS = (
					"$(inherited)",
					"@executable_path/Frameworks",
				);
				MARKETING_VERSION = 1.0;
				PRODUCT_BUNDLE_IDENTIFIER = com.pickleballgenie.PickleballTrainingGenie;
				PRODUCT_NAME = "$(TARGET_NAME)";
				SDKROOT = iphoneos;
				SWIFT_EMIT_LOC_STRINGS = YES;
				SWIFT_VERSION = 5.0;
				TARGETED_DEVICE_FAMILY = "1,2";
			};
			name = Debug;
		};
		AAAA0000000000000004CAFE /* Release */ = {
			isa = XCBuildConfiguration;
			buildSettings = {
				ASSETCATALOG_COMPILER_APPICON_NAME = AppIcon;
				ASSETCATALOG_COMPILER_GLOBAL_ACCENT_COLOR_NAME = AccentColor;
				CODE_SIGN_STYLE = Automatic;
				CURRENT_PROJECT_VERSION = 1;
				DEVELOPMENT_TEAM = Z4U4RL7THN;
				ENABLE_PREVIEWS = YES;
				GENERATE_INFOPLIST_FILE = YES;
				INFOPLIST_KEY_UIApplicationSceneManifest_Generation = YES;
				INFOPLIST_KEY_UIApplicationSupportsIndirectInputEvents = YES;
				INFOPLIST_KEY_UILaunchScreen_Generation = YES;
				INFOPLIST_KEY_UISupportedInterfaceOrientations_iPad = "UIInterfaceOrientationLandscapeLeft UIInterfaceOrientationLandscapeRight UIInterfaceOrientationPortrait UIInterfaceOrientationPortraitUpsideDown";
				INFOPLIST_KEY_UISupportedInterfaceOrientations_iPhone = "UIInterfaceOrientationLandscapeLeft UIInterfaceOrientationLandscapeRight UIInterfaceOrientationPortrait";
				IPHONEOS_DEPLOYMENT_TARGET = 17.0;
				LD_RUNPATH_SEARCH_PATHS = (
					"$(inherited)",
					"@executable_path/Frameworks",
				);
				MARKETING_VERSION = 1.0;
				PRODUCT_BUNDLE_IDENTIFIER = com.pickleballgenie.PickleballTrainingGenie;
				PRODUCT_NAME = "$(TARGET_NAME)";
				SDKROOT = iphoneos;
				SWIFT_EMIT_LOC_STRINGS = YES;
				SWIFT_VERSION = 5.0;
				TARGETED_DEVICE_FAMILY = "1,2";
				VALIDATE_PRODUCT = YES;
			};
			name = Release;
		};
		AAAA0000000000000005CAFE /* Debug */ = {
			isa = XCBuildConfiguration;
			buildSettings = {
				ALWAYS_SEARCH_USER_PATHS = NO;
				ASSETCATALOG_COMPILER_GENERATE_SWIFT_ASSET_SYMBOL_EXTENSIONS = YES;
				CLANG_ANALYZER_NONNULL = YES;
				CLANG_ANALYZER_NUMBER_OBJECT_CONVERSION = YES_AGGRESSIVE;
				CLANG_CXX_LANGUAGE_STANDARD = "gnu++20";
				CLANG_ENABLE_MODULES = YES;
				CLANG_ENABLE_OBJC_ARC = YES;
				CLANG_ENABLE_OBJC_WEAK = YES;
				CLANG_WARN_BLOCK_CAPTURE_AUTORELEASING = YES;
				CLANG_WARN_BOOL_CONVERSION = YES;
				CLANG_WARN_COMMA = YES;
				CLANG_WARN_CONSTANT_CONVERSION = YES;
				CLANG_WARN_DEPRECATED_OBJC_IMPLEMENTATIONS = YES;
				CLANG_WARN_DIRECT_OBJC_ISA_USAGE = YES_ERROR;
				CLANG_WARN_DOCUMENTATION_COMMENTS = YES;
				CLANG_WARN_EMPTY_BODY = YES;
				CLANG_WARN_ENUM_CONVERSION = YES;
				CLANG_WARN_INFINITE_RECURSION = YES;
				CLANG_WARN_INT_CONVERSION = YES;
				CLANG_WARN_NON_LITERAL_NULL_CONVERSION = YES;
				CLANG_WARN_OBJC_IMPLICIT_RETAIN_SELF = YES;
				CLANG_WARN_OBJC_LITERAL_CONVERSION = YES;
				CLANG_WARN_OBJC_ROOT_CLASS = YES_ERROR;
				CLANG_WARN_QUOTED_INCLUDE_IN_FRAMEWORK_HEADER = YES;
				CLANG_WARN_RANGE_LOOP_ANALYSIS = YES;
				CLANG_WARN_STRICT_PROTOTYPES = YES;
				CLANG_WARN_SUSPICIOUS_MOVE = YES;
				CLANG_WARN_UNGUARDED_AVAILABILITY = YES_AGGRESSIVE;
				CLANG_WARN_UNREACHABLE_CODE = YES;
				CLANG_WARN__DUPLICATE_METHOD_MATCH = YES;
				COPY_PHASE_STRIP = NO;
				DEBUG_INFORMATION_FORMAT = dwarf;
				ENABLE_STRICT_OBJC_MSGSEND = YES;
				ENABLE_TESTABILITY = YES;
				ENABLE_USER_SCRIPT_SANDBOXING = YES;
				GCC_C_LANGUAGE_STANDARD = gnu17;
				GCC_DYNAMIC_NO_PIC = NO;
				GCC_NO_COMMON_BLOCKS = YES;
				GCC_OPTIMIZATION_LEVEL = 0;
				GCC_PREPROCESSOR_DEFINITIONS = (
					"DEBUG=1",
					"$(inherited)",
				);
				GCC_WARN_64_TO_32_BIT_CONVERSION = YES;
				GCC_WARN_ABOUT_RETURN_TYPE = YES_ERROR;
				GCC_WARN_UNDECLARED_SELECTOR = YES;
				GCC_WARN_UNINITIALIZED_AUTOS = YES_AGGRESSIVE;
				GCC_WARN_UNUSED_FUNCTION = YES;
				GCC_WARN_UNUSED_VARIABLE = YES;
				IPHONEOS_DEPLOYMENT_TARGET = 17.0;
				LOCALIZATION_PREFERS_STRING_CATALOGS = YES;
				MTL_ENABLE_DEBUG_INFO = INCLUDE_SOURCE;
				MTL_FAST_MATH = YES;
				ONLY_ACTIVE_ARCH = YES;
				SDKROOT = iphoneos;
				SWIFT_ACTIVE_COMPILATION_CONDITIONS = DEBUG;
				SWIFT_OPTIMIZATION_LEVEL = "-Onone";
			};
			name = Debug;
		};
		AAAA0000000000000006CAFE /* Release */ = {
			isa = XCBuildConfiguration;
			buildSettings = {
				ALWAYS_SEARCH_USER_PATHS = NO;
				ASSETCATALOG_COMPILER_GENERATE_SWIFT_ASSET_SYMBOL_EXTENSIONS = YES;
				CLANG_ANALYZER_NONNULL = YES;
				CLANG_ANALYZER_NUMBER_OBJECT_CONVERSION = YES_AGGRESSIVE;
				CLANG_CXX_LANGUAGE_STANDARD = "gnu++20";
				CLANG_ENABLE_MODULES = YES;
				CLANG_ENABLE_OBJC_ARC = YES;
				CLANG_ENABLE_OBJC_WEAK = YES;
				CLANG_WARN_BLOCK_CAPTURE_AUTORELEASING = YES;
				CLANG_WARN_BOOL_CONVERSION = YES;
				CLANG_WARN_COMMA = YES;
				CLANG_WARN_CONSTANT_CONVERSION = YES;
				CLANG_WARN_DEPRECATED_OBJC_IMPLEMENTATIONS = YES;
				CLANG_WARN_DIRECT_OBJC_ISA_USAGE = YES_ERROR;
				CLANG_WARN_DOCUMENTATION_COMMENTS = YES;
				CLANG_WARN_EMPTY_BODY = YES;
				CLANG_WARN_ENUM_CONVERSION = YES;
				CLANG_WARN_INFINITE_RECURSION = YES;
				CLANG_WARN_INT_CONVERSION = YES;
				CLANG_WARN_NON_LITERAL_NULL_CONVERSION = YES;
				CLANG_WARN_OBJC_IMPLICIT_RETAIN_SELF = YES;
				CLANG_WARN_OBJC_LITERAL_CONVERSION = YES;
				CLANG_WARN_OBJC_ROOT_CLASS = YES_ERROR;
				CLANG_WARN_QUOTED_INCLUDE_IN_FRAMEWORK_HEADER = YES;
				CLANG_WARN_RANGE_LOOP_ANALYSIS = YES;
				CLANG_WARN_STRICT_PROTOTYPES = YES;
				CLANG_WARN_SUSPICIOUS_MOVE = YES;
				CLANG_WARN_UNGUARDED_AVAILABILITY = YES_AGGRESSIVE;
				CLANG_WARN_UNREACHABLE_CODE = YES;
				CLANG_WARN__DUPLICATE_METHOD_MATCH = YES;
				COPY_PHASE_STRIP = NO;
				DEBUG_INFORMATION_FORMAT = "dwarf-with-dsym";
				ENABLE_NS_ASSERTIONS = NO;
				ENABLE_STRICT_OBJC_MSGSEND = YES;
				ENABLE_USER_SCRIPT_SANDBOXING = YES;
				GCC_C_LANGUAGE_STANDARD = gnu17;
				GCC_NO_COMMON_BLOCKS = YES;
				GCC_WARN_64_TO_32_BIT_CONVERSION = YES;
				GCC_WARN_ABOUT_RETURN_TYPE = YES_ERROR;
				GCC_WARN_UNDECLARED_SELECTOR = YES;
				GCC_WARN_UNINITIALIZED_AUTOS = YES_AGGRESSIVE;
				GCC_WARN_UNUSED_FUNCTION = YES;
				GCC_WARN_UNUSED_VARIABLE = YES;
				IPHONEOS_DEPLOYMENT_TARGET = 17.0;
				LOCALIZATION_PREFERS_STRING_CATALOGS = YES;
				MTL_FAST_MATH = YES;
				SDKROOT = iphoneos;
				SWIFT_COMPILATION_MODE = wholemodule;
				SWIFT_OPTIMIZATION_LEVEL = "-O";
				VALIDATE_PRODUCT = YES;
			};
			name = Release;
		};
/* End XCBuildConfiguration section */

/* Begin XCConfigurationList section */
		AAAA0000000000000007CAFE /* Build configuration list for PBXNativeTarget "PickleballTrainingGenie" */ = {
			isa = XCConfigurationList;
			buildConfigurations = (
				AAAA0000000000000003CAFE /* Debug */,
				AAAA0000000000000004CAFE /* Release */,
			);
			defaultConfigurationIsVisible = 0;
			defaultConfigurationName = Release;
		};
		AAAA0000000000000008CAFE /* Build configuration list for PBXProject "PickleballTrainingGenie" */ = {
			isa = XCConfigurationList;
			buildConfigurations = (
				AAAA0000000000000005CAFE /* Debug */,
				AAAA0000000000000006CAFE /* Release */,
			);
			defaultConfigurationIsVisible = 0;
			defaultConfigurationName = Release;
		};
/* End XCConfigurationList section */
	};
	rootObject = AAAA0000000000000001CAFE /* Project object */;
}
